<Solution>
  <Folder Name="/Solution Items/">
    <File Path=".dockerignore" />
    <File Path=".editorconfig" />
    <File Path=".gitattributes" />
    <File Path=".github/workflows/ci.yml" />
    <File Path=".gitignore" />
    <File Path="AGENTS.md" />
    <File Path="Directory.Build.props" />
    <File Path="Directory.Build.targets" />
    <File Path="Directory.Packages.props" />
    <File Path="dotnet-tools.json" />
    <File Path="global.json" />
    <File Path="LICENSE" />
    <File Path="README.md" />
  </Folder>
  <Folder Name="/src/">
    <Project Path="src/TacticalHeroes.Admin.Api/TacticalHeroes.Admin.Api.csproj" />
    <Project Path="src/TacticalHeroes.Admin.Client/TacticalHeroes.Admin.Client.csproj" />
    <Project Path="src/TacticalHeroes.Admin.Shared/TacticalHeroes.Admin.Shared.csproj" />
    <Project Path="src/TacticalHeroes.Admin/TacticalHeroes.Admin.csproj" />
  </Folder>
  <Folder Name="/src/Modules/Identity/">
    <Project Path="src/Modules/Identity/TacticalHeroes.Admin.Modules.Identity/TacticalHeroes.Admin.Modules.Identity.csproj" />
  </Folder>
  <Folder Name="/tests/">
    <Project Path="tests/TacticalHeroes.Admin.Api.UnitTests/TacticalHeroes.Admin.Api.UnitTests.csproj" />
    <Project Path="tests/TacticalHeroes.Admin.ArchitectureTests/TacticalHeroes.Admin.ArchitectureTests.csproj" />
    <Project Path="tests/TacticalHeroes.Admin.Shared.ComponentTests/TacticalHeroes.Admin.Shared.ComponentTests.csproj" />
  </Folder>
  <Folder Name="/tests/Modules/Identity/">
    <Project Path="tests/Modules/Identity/TacticalHeroes.Admin.Modules.Identity.ComponentTests/TacticalHeroes.Admin.Modules.Identity.ComponentTests.csproj" />
  </Folder>
</Solution>
